lockfileVersion: '6.0'

settings:
  autoInstallPeers: true
  excludeLinksFromLockfile: false

dependencies:
  open-props:
    specifier: ^1.7.2
    version: 1.7.2
  tachyons:
    specifier: ^4.12.0
    version: 4.12.0

packages:

  /open-props@1.7.2:
    resolution: {integrity: sha512-RheKypVzZBCSZ6c5iJaFWG0OBqdtql3eRFXRYrSNLh6vGzU8NSAHuq9iJPj++DrpPGs1pqlRa2BelwwBHjX3Xg==}
    dev: false

  /tachyons@4.12.0:
    resolution: {integrity: sha512-2nA2IrYFy3raCM9fxJ2KODRGHVSZNTW3BR0YnlGsLUf1DA3pk3YfWZ/DdfbnZK6zLZS+jUenlUGJsKcA5fUiZg==}
    dev: false
